
Microsoft Visual Studio Solution File, Format Version 12.00
# Visual Studio Version 17
VisualStudioVersion = 17.4.33110.190
MinimumVisualStudioVersion = 10.0.40219.1
Project("{FAE04EC0-301F-11D3-BF4B-00C04F79EFBC}") = "WinFormsApp1", "WinFormsApp1\WinFormsApp1.csproj", "{13B96077-2ED7-46A8-B9AA-048A7B3A986E}"
EndProject
Global
	GlobalSection(SolutionConfigurationPlatforms) = preSolution
		Debug|Any CPU = Debug|Any CPU
		Release|Any CPU = Release|Any CPU
	EndGlobalSection
	GlobalSection(ProjectConfigurationPlatforms) = postSolution
		{13B96077-2ED7-46A8-B9AA-048A7B3A986E}.Debug|Any CPU.ActiveCfg = Debug|Any CPU
		{13B96077-2ED7-46A8-B9AA-048A7B3A986E}.Debug|Any CPU.Build.0 = Debug|Any CPU
		{13B96077-2ED7-46A8-B9AA-048A7B3A986E}.Release|Any CPU.ActiveCfg = Release|Any CPU
		{13B96077-2ED7-46A8-B9AA-048A7B3A986E}.Release|Any CPU.Build.0 = Release|Any CPU
	EndGlobalSection
	GlobalSection(SolutionProperties) = preSolution
		HideSolutionNode = FALSE
	EndGlobalSection
	GlobalSection(ExtensibilityGlobals) = postSolution
		SolutionGuid = {0BD3F7F9-FDB6-418A-8C5E-0F0701C71924}
	EndGlobalSection
EndGlobal
